
Microsoft Visual Studio Solution File, Format Version 12.00
# Visual Studio Version 17
VisualStudioVersion = 17.5.33516.290
MinimumVisualStudioVersion = 10.0.40219.1
Project("{9A19103F-16F7-4668-BE54-9A1E7A4F7556}") = "Blog.Webui", "Blog.webui\Blog.Webui.csproj", "{B2819FDA-E6FF-43D2-9600-5740DED4AD25}"
EndProject
Project("{9A19103F-16F7-4668-BE54-9A1E7A4F7556}") = "Blog.Entity", "Blog.Entity\Blog.Entity.csproj", "{DC2E6304-5F95-4D7C-B11E-086CDA5F7279}"
EndProject
Project("{9A19103F-16F7-4668-BE54-9A1E7A4F7556}") = "Blog.Data", "Blog.Data\Blog.Data.csproj", "{33969281-2877-49F9-AF66-C2CB08AA85CB}"
EndProject
Project("{9A19103F-16F7-4668-BE54-9A1E7A4F7556}") = "Blog.Service", "Blog.Service\Blog.Service.csproj", "{FBDB721F-030E-455C-B659-69BEFBE20090}"
EndProject
Project("{9A19103F-16F7-4668-BE54-9A1E7A4F7556}") = "Blog.Core", "Blog.Core\Blog.Core.csproj", "{4C0A7496-8D86-494E-9CED-07F2A24F1C52}"
EndProject
Global
	GlobalSection(SolutionConfigurationPlatforms) = preSolution
		Debug|Any CPU = Debug|Any CPU
		Release|Any CPU = Release|Any CPU
	EndGlobalSection
	GlobalSection(ProjectConfigurationPlatforms) = postSolution
		{B2819FDA-E6FF-43D2-9600-5740DED4AD25}.Debug|Any CPU.ActiveCfg = Debug|Any CPU
		{B2819FDA-E6FF-43D2-9600-5740DED4AD25}.Debug|Any CPU.Build.0 = Debug|Any CPU
		{B2819FDA-E6FF-43D2-9600-5740DED4AD25}.Release|Any CPU.ActiveCfg = Release|Any CPU
		{B2819FDA-E6FF-43D2-9600-5740DED4AD25}.Release|Any CPU.Build.0 = Release|Any CPU
		{DC2E6304-5F95-4D7C-B11E-086CDA5F7279}.Debug|Any CPU.ActiveCfg = Debug|Any CPU
		{DC2E6304-5F95-4D7C-B11E-086CDA5F7279}.Debug|Any CPU.Build.0 = Debug|Any CPU
		{DC2E6304-5F95-4D7C-B11E-086CDA5F7279}.Release|Any CPU.ActiveCfg = Release|Any CPU
		{DC2E6304-5F95-4D7C-B11E-086CDA5F7279}.Release|Any CPU.Build.0 = Release|Any CPU
		{33969281-2877-49F9-AF66-C2CB08AA85CB}.Debug|Any CPU.ActiveCfg = Debug|Any CPU
		{33969281-2877-49F9-AF66-C2CB08AA85CB}.Debug|Any CPU.Build.0 = Debug|Any CPU
		{33969281-2877-49F9-AF66-C2CB08AA85CB}.Release|Any CPU.ActiveCfg = Release|Any CPU
		{33969281-2877-49F9-AF66-C2CB08AA85CB}.Release|Any CPU.Build.0 = Release|Any CPU
		{FBDB721F-030E-455C-B659-69BEFBE20090}.Debug|Any CPU.ActiveCfg = Debug|Any CPU
		{FBDB721F-030E-455C-B659-69BEFBE20090}.Debug|Any CPU.Build.0 = Debug|Any CPU
		{FBDB721F-030E-455C-B659-69BEFBE20090}.Release|Any CPU.ActiveCfg = Release|Any CPU
		{FBDB721F-030E-455C-B659-69BEFBE20090}.Release|Any CPU.Build.0 = Release|Any CPU
		{4C0A7496-8D86-494E-9CED-07F2A24F1C52}.Debug|Any CPU.ActiveCfg = Debug|Any CPU
		{4C0A7496-8D86-494E-9CED-07F2A24F1C52}.Debug|Any CPU.Build.0 = Debug|Any CPU
		{4C0A7496-8D86-494E-9CED-07F2A24F1C52}.Release|Any CPU.ActiveCfg = Release|Any CPU
		{4C0A7496-8D86-494E-9CED-07F2A24F1C52}.Release|Any CPU.Build.0 = Release|Any CPU
	EndGlobalSection
	GlobalSection(SolutionProperties) = preSolution
		HideSolutionNode = FALSE
	EndGlobalSection
	GlobalSection(ExtensibilityGlobals) = postSolution
		SolutionGuid = {E8F758A9-A743-4ABF-B457-C53BCAA56386}
	EndGlobalSection
EndGlobal
